
Microsoft Visual Studio Solution File, Format Version 12.00
# Visual Studio Version 17
VisualStudioVersion = 17.4.33205.214
MinimumVisualStudioVersion = 10.0.40219.1
Project("{FAE04EC0-301F-11D3-BF4B-00C04F79EFBC}") = "TransferoAPI", "TransferoAPI\TransferoAPI.csproj", "{3F31A75A-778A-4685-B5D9-30DF88990500}"
EndProject
Global
	GlobalSection(SolutionConfigurationPlatforms) = preSolution
		Debug|Any CPU = Debug|Any CPU
		Release|Any CPU = Release|Any CPU
	EndGlobalSection
	GlobalSection(ProjectConfigurationPlatforms) = postSolution
		{3F31A75A-778A-4685-B5D9-30DF88990500}.Debug|Any CPU.ActiveCfg = Debug|Any CPU
		{3F31A75A-778A-4685-B5D9-30DF88990500}.Debug|Any CPU.Build.0 = Debug|Any CPU
		{3F31A75A-778A-4685-B5D9-30DF88990500}.Release|Any CPU.ActiveCfg = Release|Any CPU
		{3F31A75A-778A-4685-B5D9-30DF88990500}.Release|Any CPU.Build.0 = Release|Any CPU
	EndGlobalSection
	GlobalSection(SolutionProperties) = preSolution
		HideSolutionNode = FALSE
	EndGlobalSection
	GlobalSection(ExtensibilityGlobals) = postSolution
		SolutionGuid = {E7B7290F-836E-48FF-BC56-C03B4B130255}
	EndGlobalSection
EndGlobal
